Microsoft Visual Studio Solution File, Format Version 12.00
# Visual Studio Version 17
VisualStudioVersion = 17.5.2.0
MinimumVisualStudioVersion = 10.0.40219.1
Project("{2150E333-8FDC-42A3-9474-1A3956D46DE8}") = "semana_01_1_construyendo_mundo_3d", "semana_01_1_construyendo_mundo_3d", "{0E8B809D-2BDF-77E8-FFC4-534DCC3152A4}"
EndProject
Project("{2150E333-8FDC-42A3-9474-1A3956D46DE8}") = "semana_01_3_jerarquias_transformaciones", "semana_01_3_jerarquias_transformaciones", "{EF1DE5A5-C86B-3930-BE50-3A223BF99900}"
EndProject
Project("{2150E333-8FDC-42A3-9474-1A3956D46DE8}") = "unity", "unity", "{5A62B30E-40C0-F989-79F6-891DA9EE0E1C}"
EndProject
Project("{FAE04EC0-301F-11D3-BF4B-00C04F79EFBC}") = "Assembly-CSharp-Editor", "semana_01_1_construyendo_mundo_3d\unity\Assembly-CSharp-Editor.csproj", "{AFAC7F49-AC7C-141E-6224-2F21E8CA1E23}"
EndProject
Project("{FAE04EC0-301F-11D3-BF4B-00C04F79EFBC}") = "Assembly-CSharp", "semana_01_1_construyendo_mundo_3d\unity\Assembly-CSharp.csproj", "{9ECC8661-E57C-2535-F0FF-15DA7A697A79}"
EndProject
Project("{2150E333-8FDC-42A3-9474-1A3956D46DE8}") = "unity", "unity", "{00FF43F7-2D18-A52E-762D-8A954584D0C1}"
EndProject
Project("{FAE04EC0-301F-11D3-BF4B-00C04F79EFBC}") = "Assembly-CSharp-Editor", "semana_01_3_jerarquias_transformaciones\unity\Assembly-CSharp-Editor.csproj", "{0E8F1086-C998-A893-7E3A-1D7053F3438A}"
EndProject
Project("{FAE04EC0-301F-11D3-BF4B-00C04F79EFBC}") = "Assembly-CSharp", "semana_01_3_jerarquias_transformaciones\unity\Assembly-CSharp.csproj", "{E7EA605F-BDEF-CF7D-18FB-EF6D542E614B}"
EndProject
Global
	GlobalSection(SolutionConfigurationPlatforms) = preSolution
		Debug|Any CPU = Debug|Any CPU
		Release|Any CPU = Release|Any CPU
	EndGlobalSection
	GlobalSection(ProjectConfigurationPlatforms) = postSolution
		{AFAC7F49-AC7C-141E-6224-2F21E8CA1E23}.Debug|Any CPU.ActiveCfg = Debug|Any CPU
		{AFAC7F49-AC7C-141E-6224-2F21E8CA1E23}.Debug|Any CPU.Build.0 = Debug|Any CPU
		{AFAC7F49-AC7C-141E-6224-2F21E8CA1E23}.Release|Any CPU.ActiveCfg = Release|Any CPU
		{AFAC7F49-AC7C-141E-6224-2F21E8CA1E23}.Release|Any CPU.Build.0 = Release|Any CPU
		{9ECC8661-E57C-2535-F0FF-15DA7A697A79}.Debug|Any CPU.ActiveCfg = Debug|Any CPU
		{9ECC8661-E57C-2535-F0FF-15DA7A697A79}.Debug|Any CPU.Build.0 = Debug|Any CPU
		{9ECC8661-E57C-2535-F0FF-15DA7A697A79}.Release|Any CPU.ActiveCfg = Release|Any CPU
		{9ECC8661-E57C-2535-F0FF-15DA7A697A79}.Release|Any CPU.Build.0 = Release|Any CPU
		{0E8F1086-C998-A893-7E3A-1D7053F3438A}.Debug|Any CPU.ActiveCfg = Debug|Any CPU
		{0E8F1086-C998-A893-7E3A-1D7053F3438A}.Debug|Any CPU.Build.0 = Debug|Any CPU
		{0E8F1086-C998-A893-7E3A-1D7053F3438A}.Release|Any CPU.ActiveCfg = Release|Any CPU
		{0E8F1086-C998-A893-7E3A-1D7053F3438A}.Release|Any CPU.Build.0 = Release|Any CPU
		{E7EA605F-BDEF-CF7D-18FB-EF6D542E614B}.Debug|Any CPU.ActiveCfg = Debug|Any CPU
		{E7EA605F-BDEF-CF7D-18FB-EF6D542E614B}.Debug|Any CPU.Build.0 = Debug|Any CPU
		{E7EA605F-BDEF-CF7D-18FB-EF6D542E614B}.Release|Any CPU.ActiveCfg = Release|Any CPU
		{E7EA605F-BDEF-CF7D-18FB-EF6D542E614B}.Release|Any CPU.Build.0 = Release|Any CPU
	EndGlobalSection
	GlobalSection(SolutionProperties) = preSolution
		HideSolutionNode = FALSE
	EndGlobalSection
	GlobalSection(NestedProjects) = preSolution
		{5A62B30E-40C0-F989-79F6-891DA9EE0E1C} = {0E8B809D-2BDF-77E8-FFC4-534DCC3152A4}
		{AFAC7F49-AC7C-141E-6224-2F21E8CA1E23} = {5A62B30E-40C0-F989-79F6-891DA9EE0E1C}
		{9ECC8661-E57C-2535-F0FF-15DA7A697A79} = {5A62B30E-40C0-F989-79F6-891DA9EE0E1C}
		{00FF43F7-2D18-A52E-762D-8A954584D0C1} = {EF1DE5A5-C86B-3930-BE50-3A223BF99900}
		{0E8F1086-C998-A893-7E3A-1D7053F3438A} = {00FF43F7-2D18-A52E-762D-8A954584D0C1}
		{E7EA605F-BDEF-CF7D-18FB-EF6D542E614B} = {00FF43F7-2D18-A52E-762D-8A954584D0C1}
	EndGlobalSection
	GlobalSection(ExtensibilityGlobals) = postSolution
		SolutionGuid = {C236B731-F814-4D40-B5D6-1BCEE2A5C79F}
	EndGlobalSection
EndGlobal
